// !$*UTF8*$!
{
	archiveVersion = 1;
	classes = {
	};
	objectVersion = 46;
	objects = {

/* Begin PBXBuildFile section */
		F4E8F2801CE08F9D00C87BDD /* AppDelegate.swift in Sources */ = {isa = PBXBuildFile; fileRef = F4E8F27F1CE08F9D00C87BDD /* AppDelegate.swift */; };
		F4E8F2821CE08F9D00C87BDD /* ViewController.swift in Sources */ = {isa = PBXBuildFile; fileRef = F4E8F2811CE08F9D00C87BDD /* ViewController.swift */; };
		F4E8F2851CE08F9D00C87BDD /* Main.storyboard in Resources */ = {isa = PBXBuildFile; fileRef = F4E8F2831CE08F9D00C87BDD /* Main.storyboard */; };
		F4E8F2881CE08F9D00C87BDD /* Test.xcdatamodeld in Sources */ = {isa = PBXBuildFile; fileRef = F4E8F2861CE08F9D00C87BDD /* Test.xcdatamodeld */; };
		F4E8F28A1CE08F9D00C87BDD /* Assets.xcassets in Resources */ = {isa = PBXBuildFile; fileRef = F4E8F2891CE08F9D00C87BDD /* Assets.xcassets */; };
		F4E8F28D1CE08F9D00C87BDD /* LaunchScreen.storyboard in Resources */ = {isa = PBXBuildFile; fileRef = F4E8F28B1CE08F9D00C87BDD /* LaunchScreen.storyboard */; };
/* End PBXBuildFile section */

/* Begin PBXFileReference section */
		F4E8F27C1CE08F9D00C87BDD /* Test.app */ = {isa = PBXFileReference; explicitFileType = wrapper.application; includeInIndex = 0; path = Test.app; sourceTree = BUILT_PRODUCTS_DIR; };
		F4E8F27F1CE08F9D00C87BDD /* AppDelegate.swift */ = {isa = PBXFileReference; lastKnownFileType = sourcecode.swift; path = AppDelegate.swift; sourceTree = "<group>"; };
		F4E8F2811CE08F9D00C87BDD /* ViewController.swift */ = {isa = PBXFileReference; lastKnownFileType = sourcecode.swift; path = ViewController.swift; sourceTree = "<group>"; };
		F4E8F2841CE08F9D00C87BDD /* Base */ = {isa = PBXFileReference; lastKnownFileType = file.storyboard; name = Base; path = Base.lproj/Main.storyboard; sourceTree = "<group>"; };
		F4E8F2871CE08F9D00C87BDD /* Test.xcdatamodel */ = {isa = PBXFileReference; lastKnownFileType = wrapper.xcdatamodel; path = Test.xcdatamodel; sourceTree = "<group>"; };
		F4E8F2891CE08F9D00C87BDD /* Assets.xcassets */ = {isa = PBXFileReference; lastKnownFileType = folder.assetcatalog; path = Assets.xcassets; sourceTree = "<group>"; };
		F4E8F28C1CE08F9D00C87BDD /* Base */ = {isa = PBXFileReference; lastKnownFileType = file.storyboard; name = Base; path = Base.lproj/LaunchScreen.storyboard; sourceTree = "<group>"; };
		F4E8F28E1CE08F9D00C87BDD /* Info.plist */ = {isa = PBXFileReference; lastKnownFileType = text.plist.xml; path = Info.plist; sourceTree = "<group>"; };
/* End PBXFileReference section */

/* Begin PBXFrameworksBuildPhase section */
		F4E8F2791CE08F9D00C87BDD /* Frameworks */ = {
			isa = PBXFrameworksBuildPhase;
			buildActionMask = 2147483647;
			files = (
			);
			runOnlyForDeploymentPostprocessing = 0;
		};
/* End PBXFrameworksBuildPhase section */

/* Begin PBXGroup section */
		F4E8F2731CE08F9D00C87BDD = {
			isa = PBXGroup;
			children = (
				F4E8F27E1CE08F9D00C87BDD /* Test */,
				F4E8F27D1CE08F9D00C87BDD /* Products */,
			);
			sourceTree = "<group>";
		};
		F4E8F27D1CE08F9D00C87BDD /* Products */ = {
			isa = PBXGroup;
			children = (
				F4E8F27C1CE08F9D00C87BDD /* Test.app */,
			);
			name = Products;
			sourceTree = "<group>";
		};
		F4E8F27E1CE08F9D00C87BDD /* Test */ = {
			isa = PBXGroup;
			children = (
				F4E8F27F1CE08F9D00C87BDD /* AppDelegate.swift */,
				F4E8F2811CE08F9D00C87BDD /* ViewController.swift */,
				F4E8F2831CE08F9D00C87BDD /* Main.storyboard */,
				F4E8F2891CE08F9D00C87BDD /* Assets.xcassets */,
				F4E8F28B1CE08F9D00C87BDD /* LaunchScreen.storyboard */,
				F4E8F28E1CE08F9D00C87BDD /* Info.plist */,
				F4E8F2861CE08F9D00C87BDD /* Test.xcdatamodeld */,
			);
			path = Test;
			sourceTree = "<group>";
		};
/* End PBXGroup section */

/* Begin PBXNativeTarget section */
		F4E8F27B1CE08F9D00C87BDD /* Test */ = {
			isa = PBXNativeTarget;
			buildConfigurationList = F4E8F2911CE08F9D00C87BDD /* Build configuration list for PBXNativeTarget "Test" */;
			buildPhases = (
				F4E8F2781CE08F9D00C87BDD /* Sources */,
				F4E8F2791CE08F9D00C87BDD /* Frameworks */,
				F4E8F27A1CE08F9D00C87BDD /* Resources */,
			);
			buildRules = (
			);
			dependencies = (
			);
			name = Test;
			productName = Test;
			productReference = F4E8F27C1CE08F9D00C87BDD /* Test.app */;
			productType = "com.apple.product-type.application";
		};
/* End PBXNativeTarget section */

/* Begin PBXProject section */
		F4E8F2741CE08F9D00C87BDD /* Project object */ = {
			isa = PBXProject;
			attributes = {
				LastSwiftUpdateCheck = 0730;
				LastUpgradeCheck = 0730;
				ORGANIZATIONNAME = "Octoly, Inc.";
				TargetAttributes = {
					F4E8F27B1CE08F9D00C87BDD = {
						CreatedOnToolsVersion = 7.3;
					};
				};
			};
			buildConfigurationList = F4E8F2771CE08F9D00C87BDD /* Build configuration list for PBXProject "Test" */;
			compatibilityVersion = "Xcode 3.2";
			developmentRegion = English;
			hasScannedForEncodings = 0;
			knownRegions = (
				en,
				Base,
			);
			mainGroup = F4E8F2731CE08F9D00C87BDD;
			productRefGroup = F4E8F27D1CE08F9D00C87BDD /* Products */;
			projectDirPath = "";
			projectRoot = "";
			targets = (
				F4E8F27B1CE08F9D00C87BDD /* Test */,
			);
		};
/* End PBXProject section */

/* Begin PBXResourcesBuildPhase section */
		F4E8F27A1CE08F9D00C87BDD /* Resources */ = {
			isa = PBXResourcesBuildPhase;
			buildActionMask = 2147483647;
			files = (
				F4E8F28D1CE08F9D00C87BDD /* LaunchScreen.storyboard in Resources */,
				F4E8F28A1CE08F9D00C87BDD /* Assets.xcassets in Resources */,
				F4E8F2851CE08F9D00C87BDD /* Main.storyboard in Resources */,
			);
			runOnlyForDeploymentPostprocessing = 0;
		};
/* End PBXResourcesBuildPhase section */

/* Begin PBXSourcesBuildPhase section */
		F4E8F2781CE08F9D00C87BDD /* Sources */ = {
			isa = PBXSourcesBuildPhase;
			buildActionMask = 2147483647;
			files = (
				F4E8F2821CE08F9D00C87BDD /* ViewController.swift in Sources */,
				F4E8F2801CE08F9D00C87BDD /* AppDelegate.swift in Sources */,
				F4E8F2881CE08F9D00C87BDD /* Test.xcdatamodeld in Sources */,
			);
			runOnlyForDeploymentPostprocessing = 0;
		};
/* End PBXSourcesBuildPhase section */

/* Begin PBXVariantGroup section */
		F4E8F2831CE08F9D00C87BDD /* Main.storyboard */ = {
			isa = PBXVariantGroup;
			children = (
				F4E8F2841CE08F9D00C87BDD /* Base */,
			);
			name = Main.storyboard;
			sourceTree = "<group>";
		};
		F4E8F28B1CE08F9D00C87BDD /* LaunchScreen.storyboard */ = {
			isa = PBXVariantGroup;
			children = (
				F4E8F28C1CE08F9D00C87BDD /* Base */,
			);
			name = LaunchScreen.storyboard;
			sourceTree = "<group>";
		};
/* End PBXVariantGroup section */

/* Begin XCBuildConfiguration section */
		F4E8F28F1CE08F9D00C87BDD /* Debug */ = {
			isa = XCBuildConfiguration;
			buildSettings = {
				ALWAYS_SEARCH_USER_PATHS = NO;
				CLANG_ANALYZER_NONNULL = YES;
				CLANG_CXX_LANGUAGE_STANDARD = "gnu++0x";
				CLANG_CXX_LIBRARY = "libc++";
				CLANG_ENABLE_MODULES = YES;
				CLANG_ENABLE_OBJC_ARC = YES;
				CLANG_WARN_BOOL_CONVERSION = YES;
				CLANG_WARN_CONSTANT_CONVERSION = YES;
				CLANG_WARN_DIRECT_OBJC_ISA_USAGE = YES_ERROR;
				CLANG_WARN_EMPTY_BODY = YES;
				CLANG_WARN_ENUM_CONVERSION = YES;
				CLANG_WARN_INT_CONVERSION = YES;
				CLANG_WARN_OBJC_ROOT_CLASS = YES_ERROR;
				CLANG_WARN_UNREACHABLE_CODE = YES;
				CLANG_WARN__DUPLICATE_METHOD_MATCH = YES;
				"CODE_SIGN_IDENTITY[sdk=iphoneos*]" = "iPhone Developer";
				COPY_PHASE_STRIP = NO;
				DEBUG_INFORMATION_FORMAT = dwarf;
				ENABLE_STRICT_OBJC_MSGSEND = YES;
				ENABLE_TESTABILITY = YES;
				GCC_C_LANGUAGE_STANDARD = gnu99;
				GCC_DYNAMIC_NO_PIC = NO;
				GCC_NO_COMMON_BLOCKS = YES;
				GCC_OPTIMIZATION_LEVEL = 0;
				GCC_PREPROCESSOR_DEFINITIONS = (
					"DEBUG=1",
					"$(inherited)",
				);
				GCC_WARN_64_TO_32_BIT_CONVERSION = YES;
				GCC_WARN_ABOUT_RETURN_TYPE = YES_ERROR;
				GCC_WARN_UNDECLARED_SELECTOR = YES;
				GCC_WARN_UNINITIALIZED_AUTOS = YES_AGGRESSIVE;
				GCC_WARN_UNUSED_FUNCTION = YES;
				GCC_WARN_UNUSED_VARIABLE = YES;
				IPHONEOS_DEPLOYMENT_TARGET = 9.3;
				MTL_ENABLE_DEBUG_INFO = YES;
				ONLY_ACTIVE_ARCH = YES;
				SDKROOT = iphoneos;
				SWIFT_OPTIMIZATION_LEVEL = "-Onone";
			};
			name = Debug;
		};
		F4E8F2901CE08F9D00C87BDD /* Release */ = {
			isa = XCBuildConfiguration;
			buildSettings = {
				ALWAYS_SEARCH_USER_PATHS = NO;
				CLANG_ANALYZER_NONNULL = YES;
				CLANG_CXX_LANGUAGE_STANDARD = "gnu++0x";
				CLANG_CXX_LIBRARY = "libc++";
				CLANG_ENABLE_MODULES = YES;
				CLANG_ENABLE_OBJC_ARC = YES;
				CLANG_WARN_BOOL_CONVERSION = YES;
				CLANG_WARN_CONSTANT_CONVERSION = YES;
				CLANG_WARN_DIRECT_OBJC_ISA_USAGE = YES_ERROR;
				CLANG_WARN_EMPTY_BODY = YES;
				CLANG_WARN_ENUM_CONVERSION = YES;
				CLANG_WARN_INT_CONVERSION = YES;
				CLANG_WARN_OBJC_ROOT_CLASS = YES_ERROR;
				CLANG_WARN_UNREACHABLE_CODE = YES;
				CLANG_WARN__DUPLICATE_METHOD_MATCH = YES;
				"CODE_SIGN_IDENTITY[sdk=iphoneos*]" = "iPhone Developer";
				COPY_PHASE_STRIP = NO;
				DEBUG_INFORMATION_FORMAT = "dwarf-with-dsym";
				ENABLE_NS_ASSERTIONS = NO;
				ENABLE_STRICT_OBJC_MSGSEND = YES;
				GCC_C_LANGUAGE_STANDARD = gnu99;
				GCC_NO_COMMON_BLOCKS = YES;
				GCC_WARN_64_TO_32_BIT_CONVERSION = YES;
				GCC_WARN_ABOUT_RETURN_TYPE = YES_ERROR;
				GCC_WARN_UNDECLARED_SELECTOR = YES;
				GCC_WARN_UNINITIALIZED_AUTOS = YES_AGGRESSIVE;
				GCC_WARN_UNUSED_FUNCTION = YES;
				GCC_WARN_UNUSED_VARIABLE = YES;
				IPHONEOS_DEPLOYMENT_TARGET = 9.3;
				MTL_ENABLE_DEBUG_INFO = NO;
				SDKROOT = iphoneos;
				VALIDATE_PRODUCT = YES;
			};
			name = Release;
		};
		F4E8F2921CE08F9D00C87BDD /* Debug */ = {
			isa = XCBuildConfiguration;
			buildSettings = {
				ASSETCATALOG_COMPILER_APPICON_NAME = AppIcon;
				INFOPLIST_FILE = Test/Info.plist;
				LD_RUNPATH_SEARCH_PATHS = "$(inherited) @executable_path/Frameworks";
				PRODUCT_BUNDLE_IDENTIFIER = com.octoly.Test;
				PRODUCT_NAME = "$(TARGET_NAME)";
			};
			name = Debug;
		};
		F4E8F2931CE08F9D00C87BDD /* Release */ = {
			isa = XCBuildConfiguration;
			buildSettings = {
				ASSETCATALOG_COMPILER_APPICON_NAME = AppIcon;
				INFOPLIST_FILE = Test/Info.plist;
				LD_RUNPATH_SEARCH_PATHS = "$(inherited) @executable_path/Frameworks";
				PRODUCT_BUNDLE_IDENTIFIER = com.octoly.Test;
				PRODUCT_NAME = "$(TARGET_NAME)";
			};
			name = Release;
		};
/* End XCBuildConfiguration section */

/* Begin XCConfigurationList section */
		F4E8F2771CE08F9D00C87BDD /* Build configuration list for PBXProject "Test" */ = {
			isa = XCConfigurationList;
			buildConfigurations = (
				F4E8F28F1CE08F9D00C87BDD /* Debug */,
				F4E8F2901CE08F9D00C87BDD /* Release */,
			);
			defaultConfigurationIsVisible = 0;
			defaultConfigurationName = Release;
		};
		F4E8F2911CE08F9D00C87BDD /* Build configuration list for PBXNativeTarget "Test" */ = {
			isa = XCConfigurationList;
			buildConfigurations = (
				F4E8F2921CE08F9D00C87BDD /* Debug */,
				F4E8F2931CE08F9D00C87BDD /* Release */,
			);
			defaultConfigurationIsVisible = 0;
		};
/* End XCConfigurationList section */

/* Begin XCVersionGroup section */
		F4E8F2861CE08F9D00C87BDD /* Test.xcdatamodeld */ = {
			isa = XCVersionGroup;
			children = (
				F4E8F2871CE08F9D00C87BDD /* Test.xcdatamodel */,
			);
			currentVersion = F4E8F2871CE08F9D00C87BDD /* Test.xcdatamodel */;
			path = Test.xcdatamodeld;
			sourceTree = "<group>";
			versionGroupType = wrapper.xcdatamodel;
		};
/* End XCVersionGroup section */
	};
	rootObject = F4E8F2741CE08F9D00C87BDD /* Project object */;
}
